
Microsoft Visual Studio Solution File, Format Version 12.00
# Visual Studio 15
VisualStudioVersion = 15.0.28307.572
MinimumVisualStudioVersion = 10.0.40219.1
Project("{FAE04EC0-301F-11D3-BF4B-00C04F79EFBC}") = "WindowsFormsApp1", "WindowsFormsApp1\WindowsFormsApp1.csproj", "{D93C8AE6-3E0C-4448-83A2-40C4084035CD}"
EndProject
Global
	GlobalSection(SolutionConfigurationPlatforms) = preSolution
		Debug|Any CPU = Debug|Any CPU
		Release|Any CPU = Release|Any CPU
	EndGlobalSection
	GlobalSection(ProjectConfigurationPlatforms) = postSolution
		{D93C8AE6-3E0C-4448-83A2-40C4084035CD}.Debug|Any CPU.ActiveCfg = Debug|Any CPU
		{D93C8AE6-3E0C-4448-83A2-40C4084035CD}.Debug|Any CPU.Build.0 = Debug|Any CPU
		{D93C8AE6-3E0C-4448-83A2-40C4084035CD}.Release|Any CPU.ActiveCfg = Release|Any CPU
		{D93C8AE6-3E0C-4448-83A2-40C4084035CD}.Release|Any CPU.Build.0 = Release|Any CPU
	EndGlobalSection
	GlobalSection(SolutionProperties) = preSolution
		HideSolutionNode = FALSE
	EndGlobalSection
	GlobalSection(ExtensibilityGlobals) = postSolution
		SolutionGuid = {90897A17-D839-4009-B4D8-F66D7274DFC5}
	EndGlobalSection
EndGlobal
